
Microsoft Visual Studio Solution File, Format Version 12.00
# Visual Studio Version 16
VisualStudioVersion = 16.0.30907.101
MinimumVisualStudioVersion = 10.0.40219.1
Project("{FAE04EC0-301F-11D3-BF4B-00C04F79EFBC}") = "HFBlade", "HFBlade.csproj", "{15F54110-15EB-42C2-90FB-DEEDCB628428}"
EndProject
Global
	GlobalSection(SolutionConfigurationPlatforms) = preSolution
		Debug|Any CPU = Debug|Any CPU
		Release|Any CPU = Release|Any CPU
	EndGlobalSection
	GlobalSection(ProjectConfigurationPlatforms) = postSolution
		{15F54110-15EB-42C2-90FB-DEEDCB628428}.Debug|Any CPU.ActiveCfg = Debug|Any CPU
		{15F54110-15EB-42C2-90FB-DEEDCB628428}.Debug|Any CPU.Build.0 = Debug|Any CPU
		{15F54110-15EB-42C2-90FB-DEEDCB628428}.Release|Any CPU.ActiveCfg = Release|Any CPU
		{15F54110-15EB-42C2-90FB-DEEDCB628428}.Release|Any CPU.Build.0 = Release|Any CPU
	EndGlobalSection
	GlobalSection(SolutionProperties) = preSolution
		HideSolutionNode = FALSE
	EndGlobalSection
	GlobalSection(ExtensibilityGlobals) = postSolution
		SolutionGuid = {D99D4465-A514-43AE-B666-2CDC6768220E}
	EndGlobalSection
EndGlobal
